
Microsoft Visual Studio Solution File, Format Version 12.00
# Visual Studio Version 17
VisualStudioVersion = 17.1.32210.238
MinimumVisualStudioVersion = 10.0.40219.1
Project("{9A19103F-16F7-4668-BE54-9A1E7A4F7556}") = "Phone Book", "Phone Book\Phone Book.csproj", "{9E0FB9B6-0755-4C32-B952-80A3B8B62FCB}"
EndProject
Project("{9A19103F-16F7-4668-BE54-9A1E7A4F7556}") = "PhoneLibrary", "PhoneLibrary\PhoneLibrary.csproj", "{27CF7E88-5C07-4455-B843-16A593A071E0}"
EndProject
Project("{FAE04EC0-301F-11D3-BF4B-00C04F79EFBC}") = "UnitTests", "UnitTests\UnitTests.csproj", "{FF12453D-D987-4899-BE25-870BEECC91EC}"
EndProject
Global
	GlobalSection(SolutionConfigurationPlatforms) = preSolution
		Debug|Any CPU = Debug|Any CPU
		Release|Any CPU = Release|Any CPU
	EndGlobalSection
	GlobalSection(ProjectConfigurationPlatforms) = postSolution
		{9E0FB9B6-0755-4C32-B952-80A3B8B62FCB}.Debug|Any CPU.ActiveCfg = Debug|Any CPU
		{9E0FB9B6-0755-4C32-B952-80A3B8B62FCB}.Debug|Any CPU.Build.0 = Debug|Any CPU
		{9E0FB9B6-0755-4C32-B952-80A3B8B62FCB}.Release|Any CPU.ActiveCfg = Release|Any CPU
		{9E0FB9B6-0755-4C32-B952-80A3B8B62FCB}.Release|Any CPU.Build.0 = Release|Any CPU
		{27CF7E88-5C07-4455-B843-16A593A071E0}.Debug|Any CPU.ActiveCfg = Debug|Any CPU
		{27CF7E88-5C07-4455-B843-16A593A071E0}.Debug|Any CPU.Build.0 = Debug|Any CPU
		{27CF7E88-5C07-4455-B843-16A593A071E0}.Release|Any CPU.ActiveCfg = Release|Any CPU
		{27CF7E88-5C07-4455-B843-16A593A071E0}.Release|Any CPU.Build.0 = Release|Any CPU
		{FF12453D-D987-4899-BE25-870BEECC91EC}.Debug|Any CPU.ActiveCfg = Debug|Any CPU
		{FF12453D-D987-4899-BE25-870BEECC91EC}.Debug|Any CPU.Build.0 = Debug|Any CPU
		{FF12453D-D987-4899-BE25-870BEECC91EC}.Release|Any CPU.ActiveCfg = Release|Any CPU
		{FF12453D-D987-4899-BE25-870BEECC91EC}.Release|Any CPU.Build.0 = Release|Any CPU
	EndGlobalSection
	GlobalSection(SolutionProperties) = preSolution
		HideSolutionNode = FALSE
	EndGlobalSection
	GlobalSection(ExtensibilityGlobals) = postSolution
		SolutionGuid = {377DA20A-D4F5-47DF-87A1-1E875EF4095A}
	EndGlobalSection
EndGlobal
